
Microsoft Visual Studio Solution File, Format Version 12.00
# Visual Studio Version 17
VisualStudioVersion = 17.5.33414.496
MinimumVisualStudioVersion = 10.0.40219.1
Project("{FAE04EC0-301F-11D3-BF4B-00C04F79EFBC}") = "tpmod6_1302213034", "tpmod6_1302213034\tpmod6_1302213034.csproj", "{A5A67267-539B-4058-9A6C-6D0F2C4C4280}"
EndProject
Global
	GlobalSection(SolutionConfigurationPlatforms) = preSolution
		Debug|Any CPU = Debug|Any CPU
		Release|Any CPU = Release|Any CPU
	EndGlobalSection
	GlobalSection(ProjectConfigurationPlatforms) = postSolution
		{A5A67267-539B-4058-9A6C-6D0F2C4C4280}.Debug|Any CPU.ActiveCfg = Debug|Any CPU
		{A5A67267-539B-4058-9A6C-6D0F2C4C4280}.Debug|Any CPU.Build.0 = Debug|Any CPU
		{A5A67267-539B-4058-9A6C-6D0F2C4C4280}.Release|Any CPU.ActiveCfg = Release|Any CPU
		{A5A67267-539B-4058-9A6C-6D0F2C4C4280}.Release|Any CPU.Build.0 = Release|Any CPU
	EndGlobalSection
	GlobalSection(SolutionProperties) = preSolution
		HideSolutionNode = FALSE
	EndGlobalSection
	GlobalSection(ExtensibilityGlobals) = postSolution
		SolutionGuid = {2E8159E8-2B4F-4FE4-B88C-028715FAA52C}
	EndGlobalSection
EndGlobal
